// !$*UTF8*$!
{
	archiveVersion = 1;
	classes = {
	};
	objectVersion = 50;
	objects = {

/* Begin PBXBuildFile section */
		E2458E4224771255002FC5F0 /* AppDelegate.m in Sources */ = {isa = PBXBuildFile; fileRef = E2458E4124771255002FC5F0 /* AppDelegate.m */; };
		E2458E4524771255002FC5F0 /* SceneDelegate.m in Sources */ = {isa = PBXBuildFile; fileRef = E2458E4424771255002FC5F0 /* SceneDelegate.m */; };
		E2458E4B24771255002FC5F0 /* Main.storyboard in Resources */ = {isa = PBXBuildFile; fileRef = E2458E4924771255002FC5F0 /* Main.storyboard */; };
		E2458E4D24771258002FC5F0 /* Assets.xcassets in Resources */ = {isa = PBXBuildFile; fileRef = E2458E4C24771258002FC5F0 /* Assets.xcassets */; };
		E2458E5024771258002FC5F0 /* LaunchScreen.storyboard in Resources */ = {isa = PBXBuildFile; fileRef = E2458E4E24771258002FC5F0 /* LaunchScreen.storyboard */; };
		E2458E5324771258002FC5F0 /* main.m in Sources */ = {isa = PBXBuildFile; fileRef = E2458E5224771258002FC5F0 /* main.m */; };
		E25BE9A9247716AE00155DBE /* CBDPicOfTheDay.m in Sources */ = {isa = PBXBuildFile; fileRef = E25BE9A8247716AE00155DBE /* CBDPicOfTheDay.m */; };
		E25BE9AC247716C800155DBE /* CBDPicOfTheDayController.m in Sources */ = {isa = PBXBuildFile; fileRef = E25BE9AB247716C800155DBE /* CBDPicOfTheDayController.m */; };
		E25BE9AF2477170F00155DBE /* DailyPicsCollectionViewController.swift in Sources */ = {isa = PBXBuildFile; fileRef = E25BE9AE2477170F00155DBE /* DailyPicsCollectionViewController.swift */; };
		E25BE9B3247717A000155DBE /* DetailPopupViewController.swift in Sources */ = {isa = PBXBuildFile; fileRef = E25BE9B2247717A000155DBE /* DetailPopupViewController.swift */; };
		E25BE9B624771B3900155DBE /* CBDPicOfTheDay+JSONSerialization.m in Sources */ = {isa = PBXBuildFile; fileRef = E25BE9B524771B3900155DBE /* CBDPicOfTheDay+JSONSerialization.m */; };
		E25BE9B82477361500155DBE /* DetailViewController.swift in Sources */ = {isa = PBXBuildFile; fileRef = E25BE9B72477361500155DBE /* DetailViewController.swift */; };
		E25BE9BA2477362C00155DBE /* OnboardViewController.swift in Sources */ = {isa = PBXBuildFile; fileRef = E25BE9B92477362C00155DBE /* OnboardViewController.swift */; };
		E25BE9BC2477368800155DBE /* DailyPicCollectionViewCell.swift in Sources */ = {isa = PBXBuildFile; fileRef = E25BE9BB2477368800155DBE /* DailyPicCollectionViewCell.swift */; };
/* End PBXBuildFile section */

/* Begin PBXFileReference section */
		E2458E3D24771255002FC5F0 /* AstronomyPicOfTheDay.app */ = {isa = PBXFileReference; explicitFileType = wrapper.application; includeInIndex = 0; path = AstronomyPicOfTheDay.app; sourceTree = BUILT_PRODUCTS_DIR; };
		E2458E4024771255002FC5F0 /* AppDelegate.h */ = {isa = PBXFileReference; lastKnownFileType = sourcecode.c.h; path = AppDelegate.h; sourceTree = "<group>"; };
		E2458E4124771255002FC5F0 /* AppDelegate.m */ = {isa = PBXFileReference; lastKnownFileType = sourcecode.c.objc; path = AppDelegate.m; sourceTree = "<group>"; };
		E2458E4324771255002FC5F0 /* SceneDelegate.h */ = {isa = PBXFileReference; lastKnownFileType = sourcecode.c.h; path = SceneDelegate.h; sourceTree = "<group>"; };
		E2458E4424771255002FC5F0 /* SceneDelegate.m */ = {isa = PBXFileReference; lastKnownFileType = sourcecode.c.objc; path = SceneDelegate.m; sourceTree = "<group>"; };
		E2458E4A24771255002FC5F0 /* Base */ = {isa = PBXFileReference; lastKnownFileType = file.storyboard; name = Base; path = Base.lproj/Main.storyboard; sourceTree = "<group>"; };
		E2458E4C24771258002FC5F0 /* Assets.xcassets */ = {isa = PBXFileReference; lastKnownFileType = folder.assetcatalog; path = Assets.xcassets; sourceTree = "<group>"; };
		E2458E4F24771258002FC5F0 /* Base */ = {isa = PBXFileReference; lastKnownFileType = file.storyboard; name = Base; path = Base.lproj/LaunchScreen.storyboard; sourceTree = "<group>"; };
		E2458E5124771258002FC5F0 /* Info.plist */ = {isa = PBXFileReference; lastKnownFileType = text.plist.xml; path = Info.plist; sourceTree = "<group>"; };
		E2458E5224771258002FC5F0 /* main.m */ = {isa = PBXFileReference; lastKnownFileType = sourcecode.c.objc; path = main.m; sourceTree = "<group>"; };
		E25BE9A7247716AE00155DBE /* CBDPicOfTheDay.h */ = {isa = PBXFileReference; lastKnownFileType = sourcecode.c.h; path = CBDPicOfTheDay.h; sourceTree = "<group>"; };
		E25BE9A8247716AE00155DBE /* CBDPicOfTheDay.m */ = {isa = PBXFileReference; lastKnownFileType = sourcecode.c.objc; path = CBDPicOfTheDay.m; sourceTree = "<group>"; };
		E25BE9AA247716C800155DBE /* CBDPicOfTheDayController.h */ = {isa = PBXFileReference; lastKnownFileType = sourcecode.c.h; path = CBDPicOfTheDayController.h; sourceTree = "<group>"; };
		E25BE9AB247716C800155DBE /* CBDPicOfTheDayController.m */ = {isa = PBXFileReference; lastKnownFileType = sourcecode.c.objc; path = CBDPicOfTheDayController.m; sourceTree = "<group>"; };
		E25BE9AD2477170F00155DBE /* AstronomyPicOfTheDay-Bridging-Header.h */ = {isa = PBXFileReference; lastKnownFileType = sourcecode.c.h; path = "AstronomyPicOfTheDay-Bridging-Header.h"; sourceTree = "<group>"; };
		E25BE9AE2477170F00155DBE /* DailyPicsCollectionViewController.swift */ = {isa = PBXFileReference; lastKnownFileType = sourcecode.swift; path = DailyPicsCollectionViewController.swift; sourceTree = "<group>"; };
		E25BE9B2247717A000155DBE /* DetailPopupViewController.swift */ = {isa = PBXFileReference; lastKnownFileType = sourcecode.swift; path = DetailPopupViewController.swift; sourceTree = "<group>"; };
		E25BE9B424771B3900155DBE /* CBDPicOfTheDay+JSONSerialization.h */ = {isa = PBXFileReference; lastKnownFileType = sourcecode.c.h; path = "CBDPicOfTheDay+JSONSerialization.h"; sourceTree = "<group>"; };
		E25BE9B524771B3900155DBE /* CBDPicOfTheDay+JSONSerialization.m */ = {isa = PBXFileReference; lastKnownFileType = sourcecode.c.objc; path = "CBDPicOfTheDay+JSONSerialization.m"; sourceTree = "<group>"; };
		E25BE9B72477361500155DBE /* DetailViewController.swift */ = {isa = PBXFileReference; lastKnownFileType = sourcecode.swift; path = DetailViewController.swift; sourceTree = "<group>"; };
		E25BE9B92477362C00155DBE /* OnboardViewController.swift */ = {isa = PBXFileReference; lastKnownFileType = sourcecode.swift; path = OnboardViewController.swift; sourceTree = "<group>"; };
		E25BE9BB2477368800155DBE /* DailyPicCollectionViewCell.swift */ = {isa = PBXFileReference; lastKnownFileType = sourcecode.swift; path = DailyPicCollectionViewCell.swift; sourceTree = "<group>"; };
/* End PBXFileReference section */

/* Begin PBXFrameworksBuildPhase section */
		E2458E3A24771255002FC5F0 /* Frameworks */ = {
			isa = PBXFrameworksBuildPhase;
			buildActionMask = 2147483647;
			files = (
			);
			runOnlyForDeploymentPostprocessing = 0;
		};
/* End PBXFrameworksBuildPhase section */

/* Begin PBXGroup section */
		E2458E3424771255002FC5F0 = {
			isa = PBXGroup;
			children = (
				E2458E3F24771255002FC5F0 /* AstronomyPicOfTheDay */,
				E2458E3E24771255002FC5F0 /* Products */,
			);
			sourceTree = "<group>";
		};
		E2458E3E24771255002FC5F0 /* Products */ = {
			isa = PBXGroup;
			children = (
				E2458E3D24771255002FC5F0 /* AstronomyPicOfTheDay.app */,
			);
			name = Products;
			sourceTree = "<group>";
		};
		E2458E3F24771255002FC5F0 /* AstronomyPicOfTheDay */ = {
			isa = PBXGroup;
			children = (
				E25BE9AD2477170F00155DBE /* AstronomyPicOfTheDay-Bridging-Header.h */,
				E25BE9A6247715F600155DBE /* Models */,
				E25BE9A5247715DB00155DBE /* Views */,
				E25BE9A4247715C200155DBE /* View Controllers */,
				E25BE9A3247715B200155DBE /* Controllers */,
				E2458E5224771258002FC5F0 /* main.m */,
				E2458E592477129D002FC5F0 /* Resources */,
			);
			path = AstronomyPicOfTheDay;
			sourceTree = "<group>";
		};
		E2458E592477129D002FC5F0 /* Resources */ = {
			isa = PBXGroup;
			children = (
				E2458E4024771255002FC5F0 /* AppDelegate.h */,
				E2458E4124771255002FC5F0 /* AppDelegate.m */,
				E2458E4324771255002FC5F0 /* SceneDelegate.h */,
				E2458E4424771255002FC5F0 /* SceneDelegate.m */,
				E2458E4C24771258002FC5F0 /* Assets.xcassets */,
				E2458E5124771258002FC5F0 /* Info.plist */,
			);
			path = Resources;
			sourceTree = "<group>";
		};
		E25BE9A3247715B200155DBE /* Controllers */ = {
			isa = PBXGroup;
			children = (
				E25BE9AA247716C800155DBE /* CBDPicOfTheDayController.h */,
				E25BE9AB247716C800155DBE /* CBDPicOfTheDayController.m */,
			);
			path = Controllers;
			sourceTree = "<group>";
		};
		E25BE9A4247715C200155DBE /* View Controllers */ = {
			isa = PBXGroup;
			children = (
				E25BE9AE2477170F00155DBE /* DailyPicsCollectionViewController.swift */,
				E25BE9B2247717A000155DBE /* DetailPopupViewController.swift */,
				E25BE9B72477361500155DBE /* DetailViewController.swift */,
				E25BE9B92477362C00155DBE /* OnboardViewController.swift */,
			);
			path = "View Controllers";
			sourceTree = "<group>";
		};
		E25BE9A5247715DB00155DBE /* Views */ = {
			isa = PBXGroup;
			children = (
				E2458E4924771255002FC5F0 /* Main.storyboard */,
				E2458E4E24771258002FC5F0 /* LaunchScreen.storyboard */,
				E25BE9BB2477368800155DBE /* DailyPicCollectionViewCell.swift */,
			);
			path = Views;
			sourceTree = "<group>";
		};
		E25BE9A6247715F600155DBE /* Models */ = {
			isa = PBXGroup;
			children = (
				E25BE9A7247716AE00155DBE /* CBDPicOfTheDay.h */,
				E25BE9A8247716AE00155DBE /* CBDPicOfTheDay.m */,
				E25BE9B424771B3900155DBE /* CBDPicOfTheDay+JSONSerialization.h */,
				E25BE9B524771B3900155DBE /* CBDPicOfTheDay+JSONSerialization.m */,
			);
			path = Models;
			sourceTree = "<group>";
		};
/* End PBXGroup section */

/* Begin PBXNativeTarget section */
		E2458E3C24771255002FC5F0 /* AstronomyPicOfTheDay */ = {
			isa = PBXNativeTarget;
			buildConfigurationList = E2458E5624771258002FC5F0 /* Build configuration list for PBXNativeTarget "AstronomyPicOfTheDay" */;
			buildPhases = (
				E2458E3924771255002FC5F0 /* Sources */,
				E2458E3A24771255002FC5F0 /* Frameworks */,
				E2458E3B24771255002FC5F0 /* Resources */,
			);
			buildRules = (
			);
			dependencies = (
			);
			name = AstronomyPicOfTheDay;
			productName = AstronomyPicOfTheDay;
			productReference = E2458E3D24771255002FC5F0 /* AstronomyPicOfTheDay.app */;
			productType = "com.apple.product-type.application";
		};
/* End PBXNativeTarget section */

/* Begin PBXProject section */
		E2458E3524771255002FC5F0 /* Project object */ = {
			isa = PBXProject;
			attributes = {
				CLASSPREFIX = CBD;
				LastUpgradeCheck = 1150;
				ORGANIZATIONNAME = "Christopher Devito";
				TargetAttributes = {
					E2458E3C24771255002FC5F0 = {
						CreatedOnToolsVersion = 11.5;
						LastSwiftMigration = 1150;
					};
				};
			};
			buildConfigurationList = E2458E3824771255002FC5F0 /* Build configuration list for PBXProject "AstronomyPicOfTheDay" */;
			compatibilityVersion = "Xcode 9.3";
			developmentRegion = en;
			hasScannedForEncodings = 0;
			knownRegions = (
				en,
				Base,
			);
			mainGroup = E2458E3424771255002FC5F0;
			productRefGroup = E2458E3E24771255002FC5F0 /* Products */;
			projectDirPath = "";
			projectRoot = "";
			targets = (
				E2458E3C24771255002FC5F0 /* AstronomyPicOfTheDay */,
			);
		};
/* End PBXProject section */

/* Begin PBXResourcesBuildPhase section */
		E2458E3B24771255002FC5F0 /* Resources */ = {
			isa = PBXResourcesBuildPhase;
			buildActionMask = 2147483647;
			files = (
				E2458E5024771258002FC5F0 /* LaunchScreen.storyboard in Resources */,
				E2458E4D24771258002FC5F0 /* Assets.xcassets in Resources */,
				E2458E4B24771255002FC5F0 /* Main.storyboard in Resources */,
			);
			runOnlyForDeploymentPostprocessing = 0;
		};
/* End PBXResourcesBuildPhase section */

/* Begin PBXSourcesBuildPhase section */
		E2458E3924771255002FC5F0 /* Sources */ = {
			isa = PBXSourcesBuildPhase;
			buildActionMask = 2147483647;
			files = (
				E25BE9BA2477362C00155DBE /* OnboardViewController.swift in Sources */,
				E25BE9B82477361500155DBE /* DetailViewController.swift in Sources */,
				E25BE9B3247717A000155DBE /* DetailPopupViewController.swift in Sources */,
				E25BE9A9247716AE00155DBE /* CBDPicOfTheDay.m in Sources */,
				E25BE9AC247716C800155DBE /* CBDPicOfTheDayController.m in Sources */,
				E25BE9AF2477170F00155DBE /* DailyPicsCollectionViewController.swift in Sources */,
				E25BE9B624771B3900155DBE /* CBDPicOfTheDay+JSONSerialization.m in Sources */,
				E25BE9BC2477368800155DBE /* DailyPicCollectionViewCell.swift in Sources */,
				E2458E4224771255002FC5F0 /* AppDelegate.m in Sources */,
				E2458E5324771258002FC5F0 /* main.m in Sources */,
				E2458E4524771255002FC5F0 /* SceneDelegate.m in Sources */,
			);
			runOnlyForDeploymentPostprocessing = 0;
		};
/* End PBXSourcesBuildPhase section */

/* Begin PBXVariantGroup section */
		E2458E4924771255002FC5F0 /* Main.storyboard */ = {
			isa = PBXVariantGroup;
			children = (
				E2458E4A24771255002FC5F0 /* Base */,
			);
			name = Main.storyboard;
			sourceTree = "<group>";
		};
		E2458E4E24771258002FC5F0 /* LaunchScreen.storyboard */ = {
			isa = PBXVariantGroup;
			children = (
				E2458E4F24771258002FC5F0 /* Base */,
			);
			name = LaunchScreen.storyboard;
			sourceTree = "<group>";
		};
/* End PBXVariantGroup section */

/* Begin XCBuildConfiguration section */
		E2458E5424771258002FC5F0 /* Debug */ = {
			isa = XCBuildConfiguration;
			buildSettings = {
				ALWAYS_SEARCH_USER_PATHS = NO;
				CLANG_ANALYZER_NONNULL = YES;
				CLANG_ANALYZER_NUMBER_OBJECT_CONVERSION = YES_AGGRESSIVE;
				CLANG_CXX_LANGUAGE_STANDARD = "gnu++14";
				CLANG_CXX_LIBRARY = "libc++";
				CLANG_ENABLE_MODULES = YES;
				CLANG_ENABLE_OBJC_ARC = YES;
				CLANG_ENABLE_OBJC_WEAK = YES;
				CLANG_WARN_BLOCK_CAPTURE_AUTORELEASING = YES;
				CLANG_WARN_BOOL_CONVERSION = YES;
				CLANG_WARN_COMMA = YES;
				CLANG_WARN_CONSTANT_CONVERSION = YES;
				CLANG_WARN_DEPRECATED_OBJC_IMPLEMENTATIONS = YES;
				CLANG_WARN_DIRECT_OBJC_ISA_USAGE = YES_ERROR;
				CLANG_WARN_DOCUMENTATION_COMMENTS = YES;
				CLANG_WARN_EMPTY_BODY = YES;
				CLANG_WARN_ENUM_CONVERSION = YES;
				CLANG_WARN_INFINITE_RECURSION = YES;
				CLANG_WARN_INT_CONVERSION = YES;
				CLANG_WARN_NON_LITERAL_NULL_CONVERSION = YES;
				CLANG_WARN_OBJC_IMPLICIT_RETAIN_SELF = YES;
				CLANG_WARN_OBJC_LITERAL_CONVERSION = YES;
				CLANG_WARN_OBJC_ROOT_CLASS = YES_ERROR;
				CLANG_WARN_RANGE_LOOP_ANALYSIS = YES;
				CLANG_WARN_STRICT_PROTOTYPES = YES;
				CLANG_WARN_SUSPICIOUS_MOVE = YES;
				CLANG_WARN_UNGUARDED_AVAILABILITY = YES_AGGRESSIVE;
				CLANG_WARN_UNREACHABLE_CODE = YES;
				CLANG_WARN__DUPLICATE_METHOD_MATCH = YES;
				COPY_PHASE_STRIP = NO;
				DEBUG_INFORMATION_FORMAT = dwarf;
				ENABLE_STRICT_OBJC_MSGSEND = YES;
				ENABLE_TESTABILITY = YES;
				GCC_C_LANGUAGE_STANDARD = gnu11;
				GCC_DYNAMIC_NO_PIC = NO;
				GCC_NO_COMMON_BLOCKS = YES;
				GCC_OPTIMIZATION_LEVEL = 0;
				GCC_PREPROCESSOR_DEFINITIONS = (
					"DEBUG=1",
					"$(inherited)",
				);
				GCC_WARN_64_TO_32_BIT_CONVERSION = YES;
				GCC_WARN_ABOUT_RETURN_TYPE = YES_ERROR;
				GCC_WARN_UNDECLARED_SELECTOR = YES;
				GCC_WARN_UNINITIALIZED_AUTOS = YES_AGGRESSIVE;
				GCC_WARN_UNUSED_FUNCTION = YES;
				GCC_WARN_UNUSED_VARIABLE = YES;
				IPHONEOS_DEPLOYMENT_TARGET = 13.5;
				MTL_ENABLE_DEBUG_INFO = INCLUDE_SOURCE;
				MTL_FAST_MATH = YES;
				ONLY_ACTIVE_ARCH = YES;
				SDKROOT = iphoneos;
			};
			name = Debug;
		};
		E2458E5524771258002FC5F0 /* Release */ = {
			isa = XCBuildConfiguration;
			buildSettings = {
				ALWAYS_SEARCH_USER_PATHS = NO;
				CLANG_ANALYZER_NONNULL = YES;
				CLANG_ANALYZER_NUMBER_OBJECT_CONVERSION = YES_AGGRESSIVE;
				CLANG_CXX_LANGUAGE_STANDARD = "gnu++14";
				CLANG_CXX_LIBRARY = "libc++";
				CLANG_ENABLE_MODULES = YES;
				CLANG_ENABLE_OBJC_ARC = YES;
				CLANG_ENABLE_OBJC_WEAK = YES;
				CLANG_WARN_BLOCK_CAPTURE_AUTORELEASING = YES;
				CLANG_WARN_BOOL_CONVERSION = YES;
				CLANG_WARN_COMMA = YES;
				CLANG_WARN_CONSTANT_CONVERSION = YES;
				CLANG_WARN_DEPRECATED_OBJC_IMPLEMENTATIONS = YES;
				CLANG_WARN_DIRECT_OBJC_ISA_USAGE = YES_ERROR;
				CLANG_WARN_DOCUMENTATION_COMMENTS = YES;
				CLANG_WARN_EMPTY_BODY = YES;
				CLANG_WARN_ENUM_CONVERSION = YES;
				CLANG_WARN_INFINITE_RECURSION = YES;
				CLANG_WARN_INT_CONVERSION = YES;
				CLANG_WARN_NON_LITERAL_NULL_CONVERSION = YES;
				CLANG_WARN_OBJC_IMPLICIT_RETAIN_SELF = YES;
				CLANG_WARN_OBJC_LITERAL_CONVERSION = YES;
				CLANG_WARN_OBJC_ROOT_CLASS = YES_ERROR;
				CLANG_WARN_RANGE_LOOP_ANALYSIS = YES;
				CLANG_WARN_STRICT_PROTOTYPES = YES;
				CLANG_WARN_SUSPICIOUS_MOVE = YES;
				CLANG_WARN_UNGUARDED_AVAILABILITY = YES_AGGRESSIVE;
				CLANG_WARN_UNREACHABLE_CODE = YES;
				CLANG_WARN__DUPLICATE_METHOD_MATCH = YES;
				COPY_PHASE_STRIP = NO;
				DEBUG_INFORMATION_FORMAT = "dwarf-with-dsym";
				ENABLE_NS_ASSERTIONS = NO;
				ENABLE_STRICT_OBJC_MSGSEND = YES;
				GCC_C_LANGUAGE_STANDARD = gnu11;
				GCC_NO_COMMON_BLOCKS = YES;
				GCC_WARN_64_TO_32_BIT_CONVERSION = YES;
				GCC_WARN_ABOUT_RETURN_TYPE = YES_ERROR;
				GCC_WARN_UNDECLARED_SELECTOR = YES;
				GCC_WARN_UNINITIALIZED_AUTOS = YES_AGGRESSIVE;
				GCC_WARN_UNUSED_FUNCTION = YES;
				GCC_WARN_UNUSED_VARIABLE = YES;
				IPHONEOS_DEPLOYMENT_TARGET = 13.5;
				MTL_ENABLE_DEBUG_INFO = NO;
				MTL_FAST_MATH = YES;
				SDKROOT = iphoneos;
				VALIDATE_PRODUCT = YES;
			};
			name = Release;
		};
		E2458E5724771258002FC5F0 /* Debug */ = {
			isa = XCBuildConfiguration;
			buildSettings = {
				ASSETCATALOG_COMPILER_APPICON_NAME = AppIcon;
				CLANG_ENABLE_MODULES = YES;
				CODE_SIGN_STYLE = Automatic;
				DEVELOPMENT_TEAM = 8825K9HH49;
				INFOPLIST_FILE = AstronomyPicOfTheDay/Resources/Info.plist;
				LD_RUNPATH_SEARCH_PATHS = (
					"$(inherited)",
					"@executable_path/Frameworks",
				);
				PRODUCT_BUNDLE_IDENTIFIER = com.christopherdevito.AstronomyPicOfTheDay;
				PRODUCT_NAME = "$(TARGET_NAME)";
				SWIFT_OBJC_BRIDGING_HEADER = "AstronomyPicOfTheDay/AstronomyPicOfTheDay-Bridging-Header.h";
				SWIFT_OPTIMIZATION_LEVEL = "-Onone";
				SWIFT_VERSION = 5.0;
				TARGETED_DEVICE_FAMILY = "1,2";
			};
			name = Debug;
		};
		E2458E5824771258002FC5F0 /* Release */ = {
			isa = XCBuildConfiguration;
			buildSettings = {
				ASSETCATALOG_COMPILER_APPICON_NAME = AppIcon;
				CLANG_ENABLE_MODULES = YES;
				CODE_SIGN_STYLE = Automatic;
				DEVELOPMENT_TEAM = 8825K9HH49;
				INFOPLIST_FILE = AstronomyPicOfTheDay/Resources/Info.plist;
				LD_RUNPATH_SEARCH_PATHS = (
					"$(inherited)",
					"@executable_path/Frameworks",
				);
				PRODUCT_BUNDLE_IDENTIFIER = com.christopherdevito.AstronomyPicOfTheDay;
				PRODUCT_NAME = "$(TARGET_NAME)";
				SWIFT_OBJC_BRIDGING_HEADER = "AstronomyPicOfTheDay/AstronomyPicOfTheDay-Bridging-Header.h";
				SWIFT_VERSION = 5.0;
				TARGETED_DEVICE_FAMILY = "1,2";
			};
			name = Release;
		};
/* End XCBuildConfiguration section */

/* Begin XCConfigurationList section */
		E2458E3824771255002FC5F0 /* Build configuration list for PBXProject "AstronomyPicOfTheDay" */ = {
			isa = XCConfigurationList;
			buildConfigurations = (
				E2458E5424771258002FC5F0 /* Debug */,
				E2458E5524771258002FC5F0 /* Release */,
			);
			defaultConfigurationIsVisible = 0;
			defaultConfigurationName = Release;
		};
		E2458E5624771258002FC5F0 /* Build configuration list for PBXNativeTarget "AstronomyPicOfTheDay" */ = {
			isa = XCConfigurationList;
			buildConfigurations = (
				E2458E5724771258002FC5F0 /* Debug */,
				E2458E5824771258002FC5F0 /* Release */,
			);
			defaultConfigurationIsVisible = 0;
			defaultConfigurationName = Release;
		};
/* End XCConfigurationList section */
	};
	rootObject = E2458E3524771255002FC5F0 /* Project object */;
}
